
Microsoft Visual Studio Solution File, Format Version 12.00
# Visual Studio 15
Project("{FAE04EC0-301F-11D3-BF4B-00C04F79EFBC}") = "BalsaTest", "BalsaTest\BalsaTest.csproj", "{BBC483FA-B633-4508-95BB-78B22E113A55}"
EndProject
Global
	GlobalSection(SolutionConfigurationPlatforms) = preSolution
		Debug|Any CPU = Debug|Any CPU
		Release|Any CPU = Release|Any CPU
	EndGlobalSection
	GlobalSection(ProjectConfigurationPlatforms) = postSolution
		{BBC483FA-B633-4508-95BB-78B22E113A55}.Debug|Any CPU.ActiveCfg = Debug|Any CPU
		{BBC483FA-B633-4508-95BB-78B22E113A55}.Debug|Any CPU.Build.0 = Debug|Any CPU
		{BBC483FA-B633-4508-95BB-78B22E113A55}.Release|Any CPU.ActiveCfg = Release|Any CPU
		{BBC483FA-B633-4508-95BB-78B22E113A55}.Release|Any CPU.Build.0 = Release|Any CPU
	EndGlobalSection
EndGlobal
